
Microsoft Visual Studio Solution File, Format Version 12.00
# Visual Studio 15
VisualStudioVersion = 15.0.28307.489
MinimumVisualStudioVersion = 10.0.40219.1
Project("{9A19103F-16F7-4668-BE54-9A1E7A4F7556}") = "helloworld", "helloworld.csproj", "{79CEDBE6-58A3-422A-97EA-66F88A959A17}"
EndProject
Global
	GlobalSection(SolutionConfigurationPlatforms) = preSolution
		Debug|Any CPU = Debug|Any CPU
		Release|Any CPU = Release|Any CPU
	EndGlobalSection
	GlobalSection(ProjectConfigurationPlatforms) = postSolution
		{79CEDBE6-58A3-422A-97EA-66F88A959A17}.Debug|Any CPU.ActiveCfg = Debug|Any CPU
		{79CEDBE6-58A3-422A-97EA-66F88A959A17}.Debug|Any CPU.Build.0 = Debug|Any CPU
		{79CEDBE6-58A3-422A-97EA-66F88A959A17}.Release|Any CPU.ActiveCfg = Release|Any CPU
		{79CEDBE6-58A3-422A-97EA-66F88A959A17}.Release|Any CPU.Build.0 = Release|Any CPU
	EndGlobalSection
	GlobalSection(SolutionProperties) = preSolution
		HideSolutionNode = FALSE
	EndGlobalSection
	GlobalSection(ExtensibilityGlobals) = postSolution
		SolutionGuid = {158B16A5-6D9E-4F51-BE2F-8FE3C2D3FE1E}
	EndGlobalSection
EndGlobal
